Microsoft Visual Studio Solution File, Format Version 12.00
# Visual Studio 2012
Project("{FAE04EC0-301F-11D3-BF4B-00C04F79EFBC}") = "Networking", "Networking.csproj", "{FA3A1A37-32E4-46B4-A192-686CD7DCD3C1}"
EndProject
Global
	GlobalSection(SolutionConfigurationPlatforms) = preSolution
	Debug|Any CPU = Debug|Any CPU
	ExportDebug|Any CPU = ExportDebug|Any CPU
	ExportRelease|Any CPU = ExportRelease|Any CPU
	EndGlobalSection
	GlobalSection(ProjectConfigurationPlatforms) = postSolution
		{FA3A1A37-32E4-46B4-A192-686CD7DCD3C1}.Debug|Any CPU.ActiveCfg = Debug|Any CPU
		{FA3A1A37-32E4-46B4-A192-686CD7DCD3C1}.Debug|Any CPU.Build.0 = Debug|Any CPU
		{FA3A1A37-32E4-46B4-A192-686CD7DCD3C1}.ExportDebug|Any CPU.ActiveCfg = ExportDebug|Any CPU
		{FA3A1A37-32E4-46B4-A192-686CD7DCD3C1}.ExportDebug|Any CPU.Build.0 = ExportDebug|Any CPU
		{FA3A1A37-32E4-46B4-A192-686CD7DCD3C1}.ExportRelease|Any CPU.ActiveCfg = ExportRelease|Any CPU
		{FA3A1A37-32E4-46B4-A192-686CD7DCD3C1}.ExportRelease|Any CPU.Build.0 = ExportRelease|Any CPU
	EndGlobalSection
EndGlobal
